%{
  "ex_syslogger": {:git, "https://github.com/slashmili/ex_syslogger.git", "f3963399047af17e038897c69e20d552e6899e1d", [tag: "1.4.0"]},
  "gproc": {:hex, :gproc, "0.5.0", "2df2d886f8f8a7b81a4b04aa17972b5965bbc5bf0100ea6d8e8ac6a0e7389afe", [:rebar], [], "hexpm"},
  "syslog": {:git, "https://github.com/Vagabond/erlang-syslog.git", "4a6c6f2c996483e86c1320e9553f91d337bcb6aa", [tag: "1.0.5"]},
}
